{
    "_readme": [
        "This file locks the dependencies of your project to a known state",
        "Read more about it at http://getcomposer.org/doc/01-basic-usage.md#composer-lock-the-lock-file"
    ],
    "hash": "75372ea679bd1508b5bea47689b36e77",
    "packages": [
        {
            "name": "bouncers-book/bouncers-book",
            "version": "0.5.0",
            "source": {
                "type": "git",
                "url": "https://github.com/al-codepone/bouncers-book.git",
                "reference": "a74e3659ef09778fbbaf3879b2ba33b154576b31"
            },
            "dist": {
                "type": "zip",
                "url": "https://api.github.com/repos/al-codepone/bouncers-book/zipball/a74e3659ef09778fbbaf3879b2ba33b154576b31",
                "reference": "a74e3659ef09778fbbaf3879b2ba33b154576b31",
                "shasum": ""
            },
            "require": {
                "php": ">=5.3.0"
            },
            "type": "library",
            "autoload": {
                "psr-0": {
                    "bbook\\": "src/"
                }
            },
            "notification-url": "https://packagist.org/downloads/",
            "license": [
                "MIT"
            ],
            "authors": [
                {
                    "name": "Ry Ferguson",
                    "email": "rytf12@gmail.com",
                    "homepage": "http://ikitovagn.com",
                    "role": "Developer"
                }
            ],
            "description": "PHP form validator",
            "homepage": "https://github.com/al-codepone/bouncers-book",
            "keywords": [
                "Forms",
                "form",
                "validator"
            ],
            "time": "2014-08-12 17:31:36"
        },
        {
            "name": "cityphp/cityphp",
            "version": "0.4.0",
            "source": {
                "type": "git",
                "url": "https://github.com/al-codepone/cityphp.git",
                "reference": "a8d6a5d28589ec64b453f08c3655e05f4deeac64"
            },
            "dist": {
                "type": "zip",
                "url": "https://api.github.com/repos/al-codepone/cityphp/zipball/a8d6a5d28589ec64b453f08c3655e05f4deeac64",
                "reference": "a8d6a5d28589ec64b453f08c3655e05f4deeac64",
                "shasum": ""
            },
            "require": {
                "php": ">=5.3.0"
            },
            "type": "library",
            "autoload": {
                "psr-0": {
                    "cityphp\\": "src/"
                },
                "files": [
                    "src/cityphp/bcryptHash.php",
                    "src/cityphp/clamp.php",
                    "src/cityphp/paginate.php",
                    "src/cityphp/route.php",
                    "src/cityphp/sha1Token.php",
                    "src/cityphp/html/attributes.php",
                    "src/cityphp/html/autofocus.php",
                    "src/cityphp/html/blist.php",
                    "src/cityphp/html/checkboxes.php",
                    "src/cityphp/html/input.php",
                    "src/cityphp/html/radioButtons.php",
                    "src/cityphp/html/select.php",
                    "src/cityphp/html/textarea.php",
                    "src/cityphp/time/datetimeNow.php",
                    "src/cityphp/time/datetimeTo.php"
                ]
            },
            "notification-url": "https://packagist.org/downloads/",
            "license": [
                "Unlicense"
            ],
            "authors": [
                {
                    "name": "Ry Ferguson",
                    "email": "rytf12@gmail.com",
                    "homepage": "http://ikitovagn.com",
                    "role": "Developer"
                }
            ],
            "description": "A PHP web application library",
            "homepage": "https://github.com/al-codepone/cityphp",
            "keywords": [
                "cityphp",
                "datetime",
                "html",
                "php",
                "routing",
                "sql"
            ],
            "time": "2014-01-21 02:10:56"
        },
        {
            "name": "corn-wand/corn-wand",
            "version": "0.5.0",
            "source": {
                "type": "git",
                "url": "https://github.com/al-codepone/corn-wand.git",
                "reference": "bdac9972778551bd04b5aeb3a4f9554b9d10cbdd"
            },
            "dist": {
                "type": "zip",
                "url": "https://api.github.com/repos/al-codepone/corn-wand/zipball/bdac9972778551bd04b5aeb3a4f9554b9d10cbdd",
                "reference": "bdac9972778551bd04b5aeb3a4f9554b9d10cbdd",
                "shasum": ""
            },
            "require": {
                "php": ">=5.3.0"
            },
            "type": "library",
            "autoload": {
                "files": [
                    "src/corn-wand.php"
                ]
            },
            "notification-url": "https://packagist.org/downloads/",
            "license": [
                "MIT"
            ],
            "authors": [
                {
                    "name": "Ry Ferguson",
                    "email": "rytf12@gmail.com",
                    "homepage": "http://ikitovagn.com",
                    "role": "Developer"
                }
            ],
            "description": "PHP functional library for generating HTML",
            "homepage": "https://github.com/al-codepone/corn-wand",
            "keywords": [
                "function",
                "functional",
                "functions",
                "html"
            ],
            "time": "2014-06-09 00:00:48"
        },
        {
            "name": "pajamasql/pajamasql",
            "version": "0.5.0",
            "source": {
                "type": "git",
                "url": "https://github.com/al-codepone/pajamaSQL.git",
                "reference": "399756d83249cd9acb2b6788fe951eee6fc52346"
            },
            "dist": {
                "type": "zip",
                "url": "https://api.github.com/repos/al-codepone/pajamaSQL/zipball/399756d83249cd9acb2b6788fe951eee6fc52346",
                "reference": "399756d83249cd9acb2b6788fe951eee6fc52346",
                "shasum": ""
            },
            "require": {
                "php": ">=5.3.0"
            },
            "type": "library",
            "autoload": {
                "psr-0": {
                    "pjsql\\": "src/"
                }
            },
            "notification-url": "https://packagist.org/downloads/",
            "license": [
                "MIT"
            ],
            "authors": [
                {
                    "name": "Ry Ferguson",
                    "email": "rytf12@gmail.com",
                    "homepage": "http://ikitovagn.com",
                    "role": "Developer"
                }
            ],
            "description": "PHP SQL database layer",
            "homepage": "https://github.com/al-codepone/pajamaSQL",
            "keywords": [
                "model",
                "models",
                "sql"
            ],
            "time": "2014-07-12 23:26:11"
        }
    ],
    "packages-dev": [

    ],
    "aliases": [

    ],
    "minimum-stability": "stable",
    "stability-flags": [

    ],
    "platform": [

    ],
    "platform-dev": [

    ]
}
